
Microsoft Visual Studio Solution File, Format Version 12.00
# Visual Studio 14
VisualStudioVersion = 14.0.25420.1
MinimumVisualStudioVersion = 10.0.40219.1
Project("{FAE04EC0-301F-11D3-BF4B-00C04F79EFBC}") = "Security", "Security\Security.csproj", "{BD1AFE53-E4D6-469E-80B6-DCFC1DB62EBE}"
EndProject
Project("{FAE04EC0-301F-11D3-BF4B-00C04F79EFBC}") = "TestSecurity", "TestSecurity\TestSecurity.csproj", "{BB7FC115-AE51-4D69-99D6-EA63650159D6}"
EndProject
Global
	GlobalSection(SolutionConfigurationPlatforms) = preSolution
		Debug|Any CPU = Debug|Any CPU
		Release|Any CPU = Release|Any CPU
	EndGlobalSection
	GlobalSection(ProjectConfigurationPlatforms) = postSolution
		{BD1AFE53-E4D6-469E-80B6-DCFC1DB62EBE}.Debug|Any CPU.ActiveCfg = Debug|Any CPU
		{BD1AFE53-E4D6-469E-80B6-DCFC1DB62EBE}.Debug|Any CPU.Build.0 = Debug|Any CPU
		{BD1AFE53-E4D6-469E-80B6-DCFC1DB62EBE}.Release|Any CPU.ActiveCfg = Release|Any CPU
		{BD1AFE53-E4D6-469E-80B6-DCFC1DB62EBE}.Release|Any CPU.Build.0 = Release|Any CPU
		{BB7FC115-AE51-4D69-99D6-EA63650159D6}.Debug|Any CPU.ActiveCfg = Debug|Any CPU
		{BB7FC115-AE51-4D69-99D6-EA63650159D6}.Debug|Any CPU.Build.0 = Debug|Any CPU
		{BB7FC115-AE51-4D69-99D6-EA63650159D6}.Release|Any CPU.ActiveCfg = Release|Any CPU
		{BB7FC115-AE51-4D69-99D6-EA63650159D6}.Release|Any CPU.Build.0 = Release|Any CPU
	EndGlobalSection
	GlobalSection(SolutionProperties) = preSolution
		HideSolutionNode = FALSE
	EndGlobalSection
	GlobalSection(TeamFoundationVersionControl) = preSolution
		SccNumberOfProjects = 3
		SccEnterpriseProvider = {4CA58AB2-18FA-4F8D-95D4-32DDF27D184C}
		SccTeamFoundationServer = http://tfs-srv:8080/tfs/bosscollection
		SccLocalPath0 = .
		SccProjectUniqueName1 = Security\\Security.csproj
		SccProjectName1 = Security
		SccLocalPath1 = Security
		SccProjectUniqueName2 = TestSecurity\\TestSecurity.csproj
		SccProjectName2 = TestSecurity
		SccLocalPath2 = TestSecurity
	EndGlobalSection
EndGlobal
